
Microsoft Visual Studio Solution File, Format Version 12.00
# Visual Studio Version 16
VisualStudioVersion = 16.0.33130.400
MinimumVisualStudioVersion = 10.0.40219.1
Project("{9A19103F-16F7-4668-BE54-9A1E7A4F7556}") = "LogiApp", "LogiApp\LogiApp.csproj", "{9F525EFE-26C2-486B-8486-33F258FF71DB}"
EndProject
Project("{FAE04EC0-301F-11D3-BF4B-00C04F79EFBC}") = "LogiSim", "LogiSim\LogiSim.csproj", "{2B274DB0-F0C5-4E6F-BBD0-25AD28B4C236}"
EndProject
Global
	GlobalSection(SolutionConfigurationPlatforms) = preSolution
		Debug|Any CPU = Debug|Any CPU
		Release|Any CPU = Release|Any CPU
	EndGlobalSection
	GlobalSection(ProjectConfigurationPlatforms) = postSolution
		{9F525EFE-26C2-486B-8486-33F258FF71DB}.Debug|Any CPU.ActiveCfg = Debug|Any CPU
		{9F525EFE-26C2-486B-8486-33F258FF71DB}.Debug|Any CPU.Build.0 = Debug|Any CPU
		{9F525EFE-26C2-486B-8486-33F258FF71DB}.Release|Any CPU.ActiveCfg = Release|Any CPU
		{9F525EFE-26C2-486B-8486-33F258FF71DB}.Release|Any CPU.Build.0 = Release|Any CPU
		{2B274DB0-F0C5-4E6F-BBD0-25AD28B4C236}.Debug|Any CPU.ActiveCfg = Debug|Any CPU
		{2B274DB0-F0C5-4E6F-BBD0-25AD28B4C236}.Debug|Any CPU.Build.0 = Debug|Any CPU
		{2B274DB0-F0C5-4E6F-BBD0-25AD28B4C236}.Release|Any CPU.ActiveCfg = Release|Any CPU
		{2B274DB0-F0C5-4E6F-BBD0-25AD28B4C236}.Release|Any CPU.Build.0 = Release|Any CPU
	EndGlobalSection
	GlobalSection(SolutionProperties) = preSolution
		HideSolutionNode = FALSE
	EndGlobalSection
	GlobalSection(ExtensibilityGlobals) = postSolution
		SolutionGuid = {A81E3B67-ABC6-4A72-B73B-0ECC59FA81D6}
	EndGlobalSection
EndGlobal
